// !$*UTF8*$!
{
	archiveVersion = 1;
	classes = {
	};
	objectVersion = 51;
	objects = {

/* Begin PBXBuildFile section */
		1177E1F69BE6E2C6DA078884 /* Pods_currency_converter.framework in Frameworks */ = {isa = PBXBuildFile; fileRef = AF7C9FB07D2DD7B70C59D5D8 /* Pods_currency_converter.framework */; };
		638889BA22983A28006F2B06 /* CurrencySelectorViewController.swift in Sources */ = {isa = PBXBuildFile; fileRef = 638889B922983A28006F2B06 /* CurrencySelectorViewController.swift */; };
		638889BC229BEAAA006F2B06 /* PaddingTextField.swift in Sources */ = {isa = PBXBuildFile; fileRef = 638889BB229BEAAA006F2B06 /* PaddingTextField.swift */; };
		638889BE229C2750006F2B06 /* Connectivity.swift in Sources */ = {isa = PBXBuildFile; fileRef = 638889BD229C2750006F2B06 /* Connectivity.swift */; };
		638889C0229C9079006F2B06 /* network.png in Resources */ = {isa = PBXBuildFile; fileRef = 638889BF229C9079006F2B06 /* network.png */; };
		63B4ACF222964FA800F7D453 /* AppDelegate.swift in Sources */ = {isa = PBXBuildFile; fileRef = 63B4ACF122964FA800F7D453 /* AppDelegate.swift */; };
		63B4ACF422964FA800F7D453 /* ViewController.swift in Sources */ = {isa = PBXBuildFile; fileRef = 63B4ACF322964FA800F7D453 /* ViewController.swift */; };
		63B4ACF722964FA900F7D453 /* Main.storyboard in Resources */ = {isa = PBXBuildFile; fileRef = 63B4ACF522964FA900F7D453 /* Main.storyboard */; };
		63B4ACFA22964FA900F7D453 /* currency_converter.xcdatamodeld in Sources */ = {isa = PBXBuildFile; fileRef = 63B4ACF822964FA900F7D453 /* currency_converter.xcdatamodeld */; };
		63B4ACFC22964FAC00F7D453 /* Assets.xcassets in Resources */ = {isa = PBXBuildFile; fileRef = 63B4ACFB22964FAC00F7D453 /* Assets.xcassets */; };
		63B4ACFF22964FAC00F7D453 /* LaunchScreen.storyboard in Resources */ = {isa = PBXBuildFile; fileRef = 63B4ACFD22964FAC00F7D453 /* LaunchScreen.storyboard */; };
		63B4AD0A22964FAC00F7D453 /* currency_converterTests.swift in Sources */ = {isa = PBXBuildFile; fileRef = 63B4AD0922964FAC00F7D453 /* currency_converterTests.swift */; };
		63B4AD1522964FAC00F7D453 /* currency_converterUITests.swift in Sources */ = {isa = PBXBuildFile; fileRef = 63B4AD1422964FAC00F7D453 /* currency_converterUITests.swift */; };
		63B4AD232296DD4700F7D453 /* Alamofire.framework in Frameworks */ = {isa = PBXBuildFile; fileRef = 63B4AD222296DD4700F7D453 /* Alamofire.framework */; };
		63B4AD272296F1BA00F7D453 /* BaseModel.swift in Sources */ = {isa = PBXBuildFile; fileRef = 63B4AD262296F1BA00F7D453 /* BaseModel.swift */; };
		63B4AD292296F34D00F7D453 /* CurrencyListModel.swift in Sources */ = {isa = PBXBuildFile; fileRef = 63B4AD282296F34D00F7D453 /* CurrencyListModel.swift */; };
		63B4AD2C22982D0300F7D453 /* CurrencyCell.swift in Sources */ = {isa = PBXBuildFile; fileRef = 63B4AD2B22982D0300F7D453 /* CurrencyCell.swift */; };
		B12F1DFE087C8E871BE85ADB /* Pods_currency_converterUITests.framework in Frameworks */ = {isa = PBXBuildFile; fileRef = 559CD98954E5B7DF66CCCE08 /* Pods_currency_converterUITests.framework */; };
		DC4938B63C64A2F283E347C0 /* Pods_currency_converterTests.framework in Frameworks */ = {isa = PBXBuildFile; fileRef = 6DA7ED86313EE8C36A0668E6 /* Pods_currency_converterTests.framework */; };
/* End PBXBuildFile section */

/* Begin PBXContainerItemProxy section */
		63B4AD0622964FAC00F7D453 /* PBXContainerItemProxy */ = {
			isa = PBXContainerItemProxy;
			containerPortal = 63B4ACE622964FA800F7D453 /* Project object */;
			proxyType = 1;
			remoteGlobalIDString = 63B4ACED22964FA800F7D453;
			remoteInfo = currency_converter;
		};
		63B4AD1122964FAC00F7D453 /* PBXContainerItemProxy */ = {
			isa = PBXContainerItemProxy;
			containerPortal = 63B4ACE622964FA800F7D453 /* Project object */;
			proxyType = 1;
			remoteGlobalIDString = 63B4ACED22964FA800F7D453;
			remoteInfo = currency_converter;
		};
/* End PBXContainerItemProxy section */

/* Begin PBXFileReference section */
		2DEAFAC05A2F4F755AF7ACD5 /* Pods-currency_converter.debug.xcconfig */ = {isa = PBXFileReference; includeInIndex = 1; lastKnownFileType = text.xcconfig; name = "Pods-currency_converter.debug.xcconfig"; path = "Target Support Files/Pods-currency_converter/Pods-currency_converter.debug.xcconfig"; sourceTree = "<group>"; };
		559CD98954E5B7DF66CCCE08 /* Pods_currency_converterUITests.framework */ = {isa = PBXFileReference; explicitFileType = wrapper.framework; includeInIndex = 0; path = Pods_currency_converterUITests.framework; sourceTree = BUILT_PRODUCTS_DIR; };
		5F20C974FA5BC4890A4FF1A2 /* Pods-currency_converterUITests.debug.xcconfig */ = {isa = PBXFileReference; includeInIndex = 1; lastKnownFileType = text.xcconfig; name = "Pods-currency_converterUITests.debug.xcconfig"; path = "Target Support Files/Pods-currency_converterUITests/Pods-currency_converterUITests.debug.xcconfig"; sourceTree = "<group>"; };
		638889B922983A28006F2B06 /* CurrencySelectorViewController.swift */ = {isa = PBXFileReference; lastKnownFileType = sourcecode.swift; path = CurrencySelectorViewController.swift; sourceTree = "<group>"; };
		638889BB229BEAAA006F2B06 /* PaddingTextField.swift */ = {isa = PBXFileReference; lastKnownFileType = sourcecode.swift; path = PaddingTextField.swift; sourceTree = "<group>"; };
		638889BD229C2750006F2B06 /* Connectivity.swift */ = {isa = PBXFileReference; lastKnownFileType = sourcecode.swift; path = Connectivity.swift; sourceTree = "<group>"; };
		638889BF229C9079006F2B06 /* network.png */ = {isa = PBXFileReference; lastKnownFileType = image.png; path = network.png; sourceTree = "<group>"; };
		63B4ACEE22964FA800F7D453 /* currency_converter.app */ = {isa = PBXFileReference; explicitFileType = wrapper.application; includeInIndex = 0; path = currency_converter.app; sourceTree = BUILT_PRODUCTS_DIR; };
		63B4ACF122964FA800F7D453 /* AppDelegate.swift */ = {isa = PBXFileReference; lastKnownFileType = sourcecode.swift; path = AppDelegate.swift; sourceTree = "<group>"; };
		63B4ACF322964FA800F7D453 /* ViewController.swift */ = {isa = PBXFileReference; lastKnownFileType = sourcecode.swift; path = ViewController.swift; sourceTree = "<group>"; };
		63B4ACF622964FA900F7D453 /* Base */ = {isa = PBXFileReference; lastKnownFileType = file.storyboard; name = Base; path = Base.lproj/Main.storyboard; sourceTree = "<group>"; };
		63B4ACF922964FA900F7D453 /* currency_converter.xcdatamodel */ = {isa = PBXFileReference; lastKnownFileType = wrapper.xcdatamodel; path = currency_converter.xcdatamodel; sourceTree = "<group>"; };
		63B4ACFB22964FAC00F7D453 /* Assets.xcassets */ = {isa = PBXFileReference; lastKnownFileType = folder.assetcatalog; path = Assets.xcassets; sourceTree = "<group>"; };
		63B4ACFE22964FAC00F7D453 /* Base */ = {isa = PBXFileReference; lastKnownFileType = file.storyboard; name = Base; path = Base.lproj/LaunchScreen.storyboard; sourceTree = "<group>"; };
		63B4AD0022964FAC00F7D453 /* Info.plist */ = {isa = PBXFileReference; lastKnownFileType = text.plist.xml; path = Info.plist; sourceTree = "<group>"; };
		63B4AD0522964FAC00F7D453 /* currency_converterTests.xctest */ = {isa = PBXFileReference; explicitFileType = wrapper.cfbundle; includeInIndex = 0; path = currency_converterTests.xctest; sourceTree = BUILT_PRODUCTS_DIR; };
		63B4AD0922964FAC00F7D453 /* currency_converterTests.swift */ = {isa = PBXFileReference; lastKnownFileType = sourcecode.swift; path = currency_converterTests.swift; sourceTree = "<group>"; };
		63B4AD0B22964FAC00F7D453 /* Info.plist */ = {isa = PBXFileReference; lastKnownFileType = text.plist.xml; path = Info.plist; sourceTree = "<group>"; };
		63B4AD1022964FAC00F7D453 /* currency_converterUITests.xctest */ = {isa = PBXFileReference; explicitFileType = wrapper.cfbundle; includeInIndex = 0; path = currency_converterUITests.xctest; sourceTree = BUILT_PRODUCTS_DIR; };
		63B4AD1422964FAC00F7D453 /* currency_converterUITests.swift */ = {isa = PBXFileReference; lastKnownFileType = sourcecode.swift; path = currency_converterUITests.swift; sourceTree = "<group>"; };
		63B4AD1622964FAC00F7D453 /* Info.plist */ = {isa = PBXFileReference; lastKnownFileType = text.plist.xml; path = Info.plist; sourceTree = "<group>"; };
		63B4AD222296DD4700F7D453 /* Alamofire.framework */ = {isa = PBXFileReference; explicitFileType = wrapper.framework; path = Alamofire.framework; sourceTree = BUILT_PRODUCTS_DIR; };
		63B4AD262296F1BA00F7D453 /* BaseModel.swift */ = {isa = PBXFileReference; lastKnownFileType = sourcecode.swift; path = BaseModel.swift; sourceTree = "<group>"; };
		63B4AD282296F34D00F7D453 /* CurrencyListModel.swift */ = {isa = PBXFileReference; lastKnownFileType = sourcecode.swift; path = CurrencyListModel.swift; sourceTree = "<group>"; };
		63B4AD2B22982D0300F7D453 /* CurrencyCell.swift */ = {isa = PBXFileReference; lastKnownFileType = sourcecode.swift; path = CurrencyCell.swift; sourceTree = "<group>"; };
		6DA7ED86313EE8C36A0668E6 /* Pods_currency_converterTests.framework */ = {isa = PBXFileReference; explicitFileType = wrapper.framework; includeInIndex = 0; path = Pods_currency_converterTests.framework; sourceTree = BUILT_PRODUCTS_DIR; };
		A149B285A05D298249D9207B /* Pods-currency_converterUITests.release.xcconfig */ = {isa = PBXFileReference; includeInIndex = 1; lastKnownFileType = text.xcconfig; name = "Pods-currency_converterUITests.release.xcconfig"; path = "Target Support Files/Pods-currency_converterUITests/Pods-currency_converterUITests.release.xcconfig"; sourceTree = "<group>"; };
		AF24179390596A888374FC3B /* Pods-currency_converterTests.release.xcconfig */ = {isa = PBXFileReference; includeInIndex = 1; lastKnownFileType = text.xcconfig; name = "Pods-currency_converterTests.release.xcconfig"; path = "Target Support Files/Pods-currency_converterTests/Pods-currency_converterTests.release.xcconfig"; sourceTree = "<group>"; };
		AF7C9FB07D2DD7B70C59D5D8 /* Pods_currency_converter.framework */ = {isa = PBXFileReference; explicitFileType = wrapper.framework; includeInIndex = 0; path = Pods_currency_converter.framework; sourceTree = BUILT_PRODUCTS_DIR; };
		E61CFAB15C5689F5F36CEFF7 /* Pods-currency_converterTests.debug.xcconfig */ = {isa = PBXFileReference; includeInIndex = 1; lastKnownFileType = text.xcconfig; name = "Pods-currency_converterTests.debug.xcconfig"; path = "Target Support Files/Pods-currency_converterTests/Pods-currency_converterTests.debug.xcconfig"; sourceTree = "<group>"; };
		F18C21A498CDE465C221E8B5 /* Pods-currency_converter.release.xcconfig */ = {isa = PBXFileReference; includeInIndex = 1; lastKnownFileType = text.xcconfig; name = "Pods-currency_converter.release.xcconfig"; path = "Target Support Files/Pods-currency_converter/Pods-currency_converter.release.xcconfig"; sourceTree = "<group>"; };
/* End PBXFileReference section */

/* Begin PBXFrameworksBuildPhase section */
		63B4ACEB22964FA800F7D453 /* Frameworks */ = {
			isa = PBXFrameworksBuildPhase;
			buildActionMask = 2147483647;
			files = (
				63B4AD232296DD4700F7D453 /* Alamofire.framework in Frameworks */,
				1177E1F69BE6E2C6DA078884 /* Pods_currency_converter.framework in Frameworks */,
			);
			runOnlyForDeploymentPostprocessing = 0;
		};
		63B4AD0222964FAC00F7D453 /* Frameworks */ = {
			isa = PBXFrameworksBuildPhase;
			buildActionMask = 2147483647;
			files = (
				DC4938B63C64A2F283E347C0 /* Pods_currency_converterTests.framework in Frameworks */,
			);
			runOnlyForDeploymentPostprocessing = 0;
		};
		63B4AD0D22964FAC00F7D453 /* Frameworks */ = {
			isa = PBXFrameworksBuildPhase;
			buildActionMask = 2147483647;
			files = (
				B12F1DFE087C8E871BE85ADB /* Pods_currency_converterUITests.framework in Frameworks */,
			);
			runOnlyForDeploymentPostprocessing = 0;
		};
/* End PBXFrameworksBuildPhase section */

/* Begin PBXGroup section */
		10DDC3EA16EACC63AB34D200 /* Pods */ = {
			isa = PBXGroup;
			children = (
				2DEAFAC05A2F4F755AF7ACD5 /* Pods-currency_converter.debug.xcconfig */,
				F18C21A498CDE465C221E8B5 /* Pods-currency_converter.release.xcconfig */,
				E61CFAB15C5689F5F36CEFF7 /* Pods-currency_converterTests.debug.xcconfig */,
				AF24179390596A888374FC3B /* Pods-currency_converterTests.release.xcconfig */,
				5F20C974FA5BC4890A4FF1A2 /* Pods-currency_converterUITests.debug.xcconfig */,
				A149B285A05D298249D9207B /* Pods-currency_converterUITests.release.xcconfig */,
			);
			path = Pods;
			sourceTree = "<group>";
		};
		5B7AEA7F381AA3C3653E8F54 /* Frameworks */ = {
			isa = PBXGroup;
			children = (
				63B4AD222296DD4700F7D453 /* Alamofire.framework */,
				AF7C9FB07D2DD7B70C59D5D8 /* Pods_currency_converter.framework */,
				6DA7ED86313EE8C36A0668E6 /* Pods_currency_converterTests.framework */,
				559CD98954E5B7DF66CCCE08 /* Pods_currency_converterUITests.framework */,
			);
			name = Frameworks;
			sourceTree = "<group>";
		};
		63B4ACE522964FA800F7D453 = {
			isa = PBXGroup;
			children = (
				63B4AD252296F19500F7D453 /* db */,
				63B4ACF022964FA800F7D453 /* currency_converter */,
				63B4AD0822964FAC00F7D453 /* currency_converterTests */,
				63B4AD1322964FAC00F7D453 /* currency_converterUITests */,
				63B4ACEF22964FA800F7D453 /* Products */,
				10DDC3EA16EACC63AB34D200 /* Pods */,
				5B7AEA7F381AA3C3653E8F54 /* Frameworks */,
			);
			sourceTree = "<group>";
		};
		63B4ACEF22964FA800F7D453 /* Products */ = {
			isa = PBXGroup;
			children = (
				63B4ACEE22964FA800F7D453 /* currency_converter.app */,
				63B4AD0522964FAC00F7D453 /* currency_converterTests.xctest */,
				63B4AD1022964FAC00F7D453 /* currency_converterUITests.xctest */,
			);
			name = Products;
			sourceTree = "<group>";
		};
		63B4ACF022964FA800F7D453 /* currency_converter */ = {
			isa = PBXGroup;
			children = (
				63B4AD2B22982D0300F7D453 /* CurrencyCell.swift */,
				63B4ACF122964FA800F7D453 /* AppDelegate.swift */,
				63B4ACF322964FA800F7D453 /* ViewController.swift */,
				63B4ACF522964FA900F7D453 /* Main.storyboard */,
				638889B922983A28006F2B06 /* CurrencySelectorViewController.swift */,
				638889BD229C2750006F2B06 /* Connectivity.swift */,
				638889BB229BEAAA006F2B06 /* PaddingTextField.swift */,
				63B4ACFB22964FAC00F7D453 /* Assets.xcassets */,
				638889BF229C9079006F2B06 /* network.png */,
				63B4ACFD22964FAC00F7D453 /* LaunchScreen.storyboard */,
				63B4AD0022964FAC00F7D453 /* Info.plist */,
				63B4ACF822964FA900F7D453 /* currency_converter.xcdatamodeld */,
				63B4AD2A2296F7B600F7D453 /* Models */,
			);
			path = currency_converter;
			sourceTree = "<group>";
		};
		63B4AD0822964FAC00F7D453 /* currency_converterTests */ = {
			isa = PBXGroup;
			children = (
				63B4AD0922964FAC00F7D453 /* currency_converterTests.swift */,
				63B4AD0B22964FAC00F7D453 /* Info.plist */,
			);
			path = currency_converterTests;
			sourceTree = "<group>";
		};
		63B4AD1322964FAC00F7D453 /* currency_converterUITests */ = {
			isa = PBXGroup;
			children = (
				63B4AD1422964FAC00F7D453 /* currency_converterUITests.swift */,
				63B4AD1622964FAC00F7D453 /* Info.plist */,
			);
			path = currency_converterUITests;
			sourceTree = "<group>";
		};
		63B4AD252296F19500F7D453 /* db */ = {
			isa = PBXGroup;
			children = (
			);
			path = db;
			sourceTree = "<group>";
		};
		63B4AD2A2296F7B600F7D453 /* Models */ = {
			isa = PBXGroup;
			children = (
				63B4AD262296F1BA00F7D453 /* BaseModel.swift */,
				63B4AD282296F34D00F7D453 /* CurrencyListModel.swift */,
			);
			path = Models;
			sourceTree = "<group>";
		};
/* End PBXGroup section */

/* Begin PBXNativeTarget section */
		63B4ACED22964FA800F7D453 /* currency_converter */ = {
			isa = PBXNativeTarget;
			buildConfigurationList = 63B4AD1922964FAC00F7D453 /* Build configuration list for PBXNativeTarget "currency_converter" */;
			buildPhases = (
				974E1616343FBB1588164C2D /* [CP] Check Pods Manifest.lock */,
				63B4ACEA22964FA800F7D453 /* Sources */,
				63B4ACEB22964FA800F7D453 /* Frameworks */,
				63B4ACEC22964FA800F7D453 /* Resources */,
				337E972E7856F259ACF7A781 /* [CP] Embed Pods Frameworks */,
			);
			buildRules = (
			);
			dependencies = (
			);
			name = currency_converter;
			productName = currency_converter;
			productReference = 63B4ACEE22964FA800F7D453 /* currency_converter.app */;
			productType = "com.apple.product-type.application";
		};
		63B4AD0422964FAC00F7D453 /* currency_converterTests */ = {
			isa = PBXNativeTarget;
			buildConfigurationList = 63B4AD1C22964FAC00F7D453 /* Build configuration list for PBXNativeTarget "currency_converterTests" */;
			buildPhases = (
				7CD89E0B8FF7CA60DB3E0229 /* [CP] Check Pods Manifest.lock */,
				63B4AD0122964FAC00F7D453 /* Sources */,
				63B4AD0222964FAC00F7D453 /* Frameworks */,
				63B4AD0322964FAC00F7D453 /* Resources */,
			);
			buildRules = (
			);
			dependencies = (
				63B4AD0722964FAC00F7D453 /* PBXTargetDependency */,
			);
			name = currency_converterTests;
			productName = currency_converterTests;
			productReference = 63B4AD0522964FAC00F7D453 /* currency_converterTests.xctest */;
			productType = "com.apple.product-type.bundle.unit-test";
		};
		63B4AD0F22964FAC00F7D453 /* currency_converterUITests */ = {
			isa = PBXNativeTarget;
			buildConfigurationList = 63B4AD1F22964FAC00F7D453 /* Build configuration list for PBXNativeTarget "currency_converterUITests" */;
			buildPhases = (
				FE1CDD82B239758B3B9BC072 /* [CP] Check Pods Manifest.lock */,
				63B4AD0C22964FAC00F7D453 /* Sources */,
				63B4AD0D22964FAC00F7D453 /* Frameworks */,
				63B4AD0E22964FAC00F7D453 /* Resources */,
			);
			buildRules = (
			);
			dependencies = (
				63B4AD1222964FAC00F7D453 /* PBXTargetDependency */,
			);
			name = currency_converterUITests;
			productName = currency_converterUITests;
			productReference = 63B4AD1022964FAC00F7D453 /* currency_converterUITests.xctest */;
			productType = "com.apple.product-type.bundle.ui-testing";
		};
/* End PBXNativeTarget section */

/* Begin PBXProject section */
		63B4ACE622964FA800F7D453 /* Project object */ = {
			isa = PBXProject;
			attributes = {
				LastSwiftUpdateCheck = 1020;
				LastUpgradeCheck = 1020;
				ORGANIZATIONNAME = "YURY LVOV";
				TargetAttributes = {
					63B4ACED22964FA800F7D453 = {
						CreatedOnToolsVersion = 10.2.1;
					};
					63B4AD0422964FAC00F7D453 = {
						CreatedOnToolsVersion = 10.2.1;
						TestTargetID = 63B4ACED22964FA800F7D453;
					};
					63B4AD0F22964FAC00F7D453 = {
						CreatedOnToolsVersion = 10.2.1;
						TestTargetID = 63B4ACED22964FA800F7D453;
					};
				};
			};
			buildConfigurationList = 63B4ACE922964FA800F7D453 /* Build configuration list for PBXProject "currency_converter" */;
			compatibilityVersion = "Xcode 9.3";
			developmentRegion = en;
			hasScannedForEncodings = 0;
			knownRegions = (
				en,
				Base,
			);
			mainGroup = 63B4ACE522964FA800F7D453;
			productRefGroup = 63B4ACEF22964FA800F7D453 /* Products */;
			projectDirPath = "";
			projectRoot = "";
			targets = (
				63B4ACED22964FA800F7D453 /* currency_converter */,
				63B4AD0422964FAC00F7D453 /* currency_converterTests */,
				63B4AD0F22964FAC00F7D453 /* currency_converterUITests */,
			);
		};
/* End PBXProject section */

/* Begin PBXResourcesBuildPhase section */
		63B4ACEC22964FA800F7D453 /* Resources */ = {
			isa = PBXResourcesBuildPhase;
			buildActionMask = 2147483647;
			files = (
				638889C0229C9079006F2B06 /* network.png in Resources */,
				63B4ACFF22964FAC00F7D453 /* LaunchScreen.storyboard in Resources */,
				63B4ACFC22964FAC00F7D453 /* Assets.xcassets in Resources */,
				63B4ACF722964FA900F7D453 /* Main.storyboard in Resources */,
			);
			runOnlyForDeploymentPostprocessing = 0;
		};
		63B4AD0322964FAC00F7D453 /* Resources */ = {
			isa = PBXResourcesBuildPhase;
			buildActionMask = 2147483647;
			files = (
			);
			runOnlyForDeploymentPostprocessing = 0;
		};
		63B4AD0E22964FAC00F7D453 /* Resources */ = {
			isa = PBXResourcesBuildPhase;
			buildActionMask = 2147483647;
			files = (
			);
			runOnlyForDeploymentPostprocessing = 0;
		};
/* End PBXResourcesBuildPhase section */

/* Begin PBXShellScriptBuildPhase section */
		337E972E7856F259ACF7A781 /* [CP] Embed Pods Frameworks */ = {
			isa = PBXShellScriptBuildPhase;
			buildActionMask = 2147483647;
			files = (
			);
			inputFileListPaths = (
				"${PODS_ROOT}/Target Support Files/Pods-currency_converter/Pods-currency_converter-frameworks-${CONFIGURATION}-input-files.xcfilelist",
			);
			name = "[CP] Embed Pods Frameworks";
			outputFileListPaths = (
				"${PODS_ROOT}/Target Support Files/Pods-currency_converter/Pods-currency_converter-frameworks-${CONFIGURATION}-output-files.xcfilelist",
			);
			runOnlyForDeploymentPostprocessing = 0;
			shellPath = /bin/sh;
			shellScript = "\"${PODS_ROOT}/Target Support Files/Pods-currency_converter/Pods-currency_converter-frameworks.sh\"\n";
			showEnvVarsInLog = 0;
		};
		7CD89E0B8FF7CA60DB3E0229 /* [CP] Check Pods Manifest.lock */ = {
			isa = PBXShellScriptBuildPhase;
			buildActionMask = 2147483647;
			files = (
			);
			inputFileListPaths = (
			);
			inputPaths = (
				"${PODS_PODFILE_DIR_PATH}/Podfile.lock",
				"${PODS_ROOT}/Manifest.lock",
			);
			name = "[CP] Check Pods Manifest.lock";
			outputFileListPaths = (
			);
			outputPaths = (
				"$(DERIVED_FILE_DIR)/Pods-currency_converterTests-checkManifestLockResult.txt",
			);
			runOnlyForDeploymentPostprocessing = 0;
			shellPath = /bin/sh;
			shellScript = "diff \"${PODS_PODFILE_DIR_PATH}/Podfile.lock\" \"${PODS_ROOT}/Manifest.lock\" > /dev/null\nif [ $? != 0 ] ; then\n    # print error to STDERR\n    echo \"error: The sandbox is not in sync with the Podfile.lock. Run 'pod install' or update your CocoaPods installation.\" >&2\n    exit 1\nfi\n# This output is used by Xcode 'outputs' to avoid re-running this script phase.\necho \"SUCCESS\" > \"${SCRIPT_OUTPUT_FILE_0}\"\n";
			showEnvVarsInLog = 0;
		};
		974E1616343FBB1588164C2D /* [CP] Check Pods Manifest.lock */ = {
			isa = PBXShellScriptBuildPhase;
			buildActionMask = 2147483647;
			files = (
			);
			inputFileListPaths = (
			);
			inputPaths = (
				"${PODS_PODFILE_DIR_PATH}/Podfile.lock",
				"${PODS_ROOT}/Manifest.lock",
			);
			name = "[CP] Check Pods Manifest.lock";
			outputFileListPaths = (
			);
			outputPaths = (
				"$(DERIVED_FILE_DIR)/Pods-currency_converter-checkManifestLockResult.txt",
			);
			runOnlyForDeploymentPostprocessing = 0;
			shellPath = /bin/sh;
			shellScript = "diff \"${PODS_PODFILE_DIR_PATH}/Podfile.lock\" \"${PODS_ROOT}/Manifest.lock\" > /dev/null\nif [ $? != 0 ] ; then\n    # print error to STDERR\n    echo \"error: The sandbox is not in sync with the Podfile.lock. Run 'pod install' or update your CocoaPods installation.\" >&2\n    exit 1\nfi\n# This output is used by Xcode 'outputs' to avoid re-running this script phase.\necho \"SUCCESS\" > \"${SCRIPT_OUTPUT_FILE_0}\"\n";
			showEnvVarsInLog = 0;
		};
		FE1CDD82B239758B3B9BC072 /* [CP] Check Pods Manifest.lock */ = {
			isa = PBXShellScriptBuildPhase;
			buildActionMask = 2147483647;
			files = (
			);
			inputFileListPaths = (
			);
			inputPaths = (
				"${PODS_PODFILE_DIR_PATH}/Podfile.lock",
				"${PODS_ROOT}/Manifest.lock",
			);
			name = "[CP] Check Pods Manifest.lock";
			outputFileListPaths = (
			);
			outputPaths = (
				"$(DERIVED_FILE_DIR)/Pods-currency_converterUITests-checkManifestLockResult.txt",
			);
			runOnlyForDeploymentPostprocessing = 0;
			shellPath = /bin/sh;
			shellScript = "diff \"${PODS_PODFILE_DIR_PATH}/Podfile.lock\" \"${PODS_ROOT}/Manifest.lock\" > /dev/null\nif [ $? != 0 ] ; then\n    # print error to STDERR\n    echo \"error: The sandbox is not in sync with the Podfile.lock. Run 'pod install' or update your CocoaPods installation.\" >&2\n    exit 1\nfi\n# This output is used by Xcode 'outputs' to avoid re-running this script phase.\necho \"SUCCESS\" > \"${SCRIPT_OUTPUT_FILE_0}\"\n";
			showEnvVarsInLog = 0;
		};
/* End PBXShellScriptBuildPhase section */

/* Begin PBXSourcesBuildPhase section */
		63B4ACEA22964FA800F7D453 /* Sources */ = {
			isa = PBXSourcesBuildPhase;
			buildActionMask = 2147483647;
			files = (
				63B4AD2C22982D0300F7D453 /* CurrencyCell.swift in Sources */,
				638889BC229BEAAA006F2B06 /* PaddingTextField.swift in Sources */,
				638889BE229C2750006F2B06 /* Connectivity.swift in Sources */,
				63B4ACF422964FA800F7D453 /* ViewController.swift in Sources */,
				63B4ACFA22964FA900F7D453 /* currency_converter.xcdatamodeld in Sources */,
				638889BA22983A28006F2B06 /* CurrencySelectorViewController.swift in Sources */,
				63B4AD272296F1BA00F7D453 /* BaseModel.swift in Sources */,
				63B4ACF222964FA800F7D453 /* AppDelegate.swift in Sources */,
				63B4AD292296F34D00F7D453 /* CurrencyListModel.swift in Sources */,
			);
			runOnlyForDeploymentPostprocessing = 0;
		};
		63B4AD0122964FAC00F7D453 /* Sources */ = {
			isa = PBXSourcesBuildPhase;
			buildActionMask = 2147483647;
			files = (
				63B4AD0A22964FAC00F7D453 /* currency_converterTests.swift in Sources */,
			);
			runOnlyForDeploymentPostprocessing = 0;
		};
		63B4AD0C22964FAC00F7D453 /* Sources */ = {
			isa = PBXSourcesBuildPhase;
			buildActionMask = 2147483647;
			files = (
				63B4AD1522964FAC00F7D453 /* currency_converterUITests.swift in Sources */,
			);
			runOnlyForDeploymentPostprocessing = 0;
		};
/* End PBXSourcesBuildPhase section */

/* Begin PBXTargetDependency section */
		63B4AD0722964FAC00F7D453 /* PBXTargetDependency */ = {
			isa = PBXTargetDependency;
			target = 63B4ACED22964FA800F7D453 /* currency_converter */;
			targetProxy = 63B4AD0622964FAC00F7D453 /* PBXContainerItemProxy */;
		};
		63B4AD1222964FAC00F7D453 /* PBXTargetDependency */ = {
			isa = PBXTargetDependency;
			target = 63B4ACED22964FA800F7D453 /* currency_converter */;
			targetProxy = 63B4AD1122964FAC00F7D453 /* PBXContainerItemProxy */;
		};
/* End PBXTargetDependency section */

/* Begin PBXVariantGroup section */
		63B4ACF522964FA900F7D453 /* Main.storyboard */ = {
			isa = PBXVariantGroup;
			children = (
				63B4ACF622964FA900F7D453 /* Base */,
			);
			name = Main.storyboard;
			sourceTree = "<group>";
		};
		63B4ACFD22964FAC00F7D453 /* LaunchScreen.storyboard */ = {
			isa = PBXVariantGroup;
			children = (
				63B4ACFE22964FAC00F7D453 /* Base */,
			);
			name = LaunchScreen.storyboard;
			sourceTree = "<group>";
		};
/* End PBXVariantGroup section */

/* Begin XCBuildConfiguration section */
		63B4AD1722964FAC00F7D453 /* Debug */ = {
			isa = XCBuildConfiguration;
			buildSettings = {
				ALWAYS_SEARCH_USER_PATHS = NO;
				CLANG_ANALYZER_NONNULL = YES;
				CLANG_ANALYZER_NUMBER_OBJECT_CONVERSION = YES_AGGRESSIVE;
				CLANG_CXX_LANGUAGE_STANDARD = "gnu++14";
				CLANG_CXX_LIBRARY = "libc++";
				CLANG_ENABLE_MODULES = YES;
				CLANG_ENABLE_OBJC_ARC = YES;
				CLANG_ENABLE_OBJC_WEAK = YES;
				CLANG_WARN_BLOCK_CAPTURE_AUTORELEASING = YES;
				CLANG_WARN_BOOL_CONVERSION = YES;
				CLANG_WARN_COMMA = YES;
				CLANG_WARN_CONSTANT_CONVERSION = YES;
				CLANG_WARN_DEPRECATED_OBJC_IMPLEMENTATIONS = YES;
				CLANG_WARN_DIRECT_OBJC_ISA_USAGE = YES_ERROR;
				CLANG_WARN_DOCUMENTATION_COMMENTS = YES;
				CLANG_WARN_EMPTY_BODY = YES;
				CLANG_WARN_ENUM_CONVERSION = YES;
				CLANG_WARN_INFINITE_RECURSION = YES;
				CLANG_WARN_INT_CONVERSION = YES;
				CLANG_WARN_NON_LITERAL_NULL_CONVERSION = YES;
				CLANG_WARN_OBJC_IMPLICIT_RETAIN_SELF = YES;
				CLANG_WARN_OBJC_LITERAL_CONVERSION = YES;
				CLANG_WARN_OBJC_ROOT_CLASS = YES_ERROR;
				CLANG_WARN_RANGE_LOOP_ANALYSIS = YES;
				CLANG_WARN_STRICT_PROTOTYPES = YES;
				CLANG_WARN_SUSPICIOUS_MOVE = YES;
				CLANG_WARN_UNGUARDED_AVAILABILITY = YES_AGGRESSIVE;
				CLANG_WARN_UNREACHABLE_CODE = YES;
				CLANG_WARN__DUPLICATE_METHOD_MATCH = YES;
				CODE_SIGN_IDENTITY = "iPhone Developer";
				COPY_PHASE_STRIP = NO;
				DEBUG_INFORMATION_FORMAT = dwarf;
				ENABLE_STRICT_OBJC_MSGSEND = YES;
				ENABLE_TESTABILITY = YES;
				GCC_C_LANGUAGE_STANDARD = gnu11;
				GCC_DYNAMIC_NO_PIC = NO;
				GCC_NO_COMMON_BLOCKS = YES;
				GCC_OPTIMIZATION_LEVEL = 0;
				GCC_PREPROCESSOR_DEFINITIONS = (
					"DEBUG=1",
					"$(inherited)",
				);
				GCC_WARN_64_TO_32_BIT_CONVERSION = YES;
				GCC_WARN_ABOUT_RETURN_TYPE = YES_ERROR;
				GCC_WARN_UNDECLARED_SELECTOR = YES;
				GCC_WARN_UNINITIALIZED_AUTOS = YES_AGGRESSIVE;
				GCC_WARN_UNUSED_FUNCTION = YES;
				GCC_WARN_UNUSED_VARIABLE = YES;
				IPHONEOS_DEPLOYMENT_TARGET = 12.2;
				MTL_ENABLE_DEBUG_INFO = INCLUDE_SOURCE;
				MTL_FAST_MATH = YES;
				ONLY_ACTIVE_ARCH = YES;
				SDKROOT = iphoneos;
				SWIFT_ACTIVE_COMPILATION_CONDITIONS = DEBUG;
				SWIFT_OPTIMIZATION_LEVEL = "-Onone";
			};
			name = Debug;
		};
		63B4AD1822964FAC00F7D453 /* Release */ = {
			isa = XCBuildConfiguration;
			buildSettings = {
				ALWAYS_SEARCH_USER_PATHS = NO;
				CLANG_ANALYZER_NONNULL = YES;
				CLANG_ANALYZER_NUMBER_OBJECT_CONVERSION = YES_AGGRESSIVE;
				CLANG_CXX_LANGUAGE_STANDARD = "gnu++14";
				CLANG_CXX_LIBRARY = "libc++";
				CLANG_ENABLE_MODULES = YES;
				CLANG_ENABLE_OBJC_ARC = YES;
				CLANG_ENABLE_OBJC_WEAK = YES;
				CLANG_WARN_BLOCK_CAPTURE_AUTORELEASING = YES;
				CLANG_WARN_BOOL_CONVERSION = YES;
				CLANG_WARN_COMMA = YES;
				CLANG_WARN_CONSTANT_CONVERSION = YES;
				CLANG_WARN_DEPRECATED_OBJC_IMPLEMENTATIONS = YES;
				CLANG_WARN_DIRECT_OBJC_ISA_USAGE = YES_ERROR;
				CLANG_WARN_DOCUMENTATION_COMMENTS = YES;
				CLANG_WARN_EMPTY_BODY = YES;
				CLANG_WARN_ENUM_CONVERSION = YES;
				CLANG_WARN_INFINITE_RECURSION = YES;
				CLANG_WARN_INT_CONVERSION = YES;
				CLANG_WARN_NON_LITERAL_NULL_CONVERSION = YES;
				CLANG_WARN_OBJC_IMPLICIT_RETAIN_SELF = YES;
				CLANG_WARN_OBJC_LITERAL_CONVERSION = YES;
				CLANG_WARN_OBJC_ROOT_CLASS = YES_ERROR;
				CLANG_WARN_RANGE_LOOP_ANALYSIS = YES;
				CLANG_WARN_STRICT_PROTOTYPES = YES;
				CLANG_WARN_SUSPICIOUS_MOVE = YES;
				CLANG_WARN_UNGUARDED_AVAILABILITY = YES_AGGRESSIVE;
				CLANG_WARN_UNREACHABLE_CODE = YES;
				CLANG_WARN__DUPLICATE_METHOD_MATCH = YES;
				CODE_SIGN_IDENTITY = "iPhone Developer";
				COPY_PHASE_STRIP = NO;
				DEBUG_INFORMATION_FORMAT = "dwarf-with-dsym";
				ENABLE_NS_ASSERTIONS = NO;
				ENABLE_STRICT_OBJC_MSGSEND = YES;
				GCC_C_LANGUAGE_STANDARD = gnu11;
				GCC_NO_COMMON_BLOCKS = YES;
				GCC_WARN_64_TO_32_BIT_CONVERSION = YES;
				GCC_WARN_ABOUT_RETURN_TYPE = YES_ERROR;
				GCC_WARN_UNDECLARED_SELECTOR = YES;
				GCC_WARN_UNINITIALIZED_AUTOS = YES_AGGRESSIVE;
				GCC_WARN_UNUSED_FUNCTION = YES;
				GCC_WARN_UNUSED_VARIABLE = YES;
				IPHONEOS_DEPLOYMENT_TARGET = 12.2;
				MTL_ENABLE_DEBUG_INFO = NO;
				MTL_FAST_MATH = YES;
				SDKROOT = iphoneos;
				SWIFT_COMPILATION_MODE = wholemodule;
				SWIFT_OPTIMIZATION_LEVEL = "-O";
				VALIDATE_PRODUCT = YES;
			};
			name = Release;
		};
		63B4AD1A22964FAC00F7D453 /* Debug */ = {
			isa = XCBuildConfiguration;
			baseConfigurationReference = 2DEAFAC05A2F4F755AF7ACD5 /* Pods-currency_converter.debug.xcconfig */;
			buildSettings = {
				ASSETCATALOG_COMPILER_APPICON_NAME = AppIcon;
				CODE_SIGN_STYLE = Automatic;
				DEVELOPMENT_TEAM = RWDE5H24E6;
				INFOPLIST_FILE = currency_converter/Info.plist;
				LD_RUNPATH_SEARCH_PATHS = (
					"$(inherited)",
					"@executable_path/Frameworks",
				);
				ONLY_ACTIVE_ARCH = NO;
				PRODUCT_BUNDLE_IDENTIFIER = "CryptotimesJp.currency-converter";
				PRODUCT_NAME = "$(TARGET_NAME)";
				SWIFT_VERSION = 5.0;
				TARGETED_DEVICE_FAMILY = 1;
			};
			name = Debug;
		};
		63B4AD1B22964FAC00F7D453 /* Release */ = {
			isa = XCBuildConfiguration;
			baseConfigurationReference = F18C21A498CDE465C221E8B5 /* Pods-currency_converter.release.xcconfig */;
			buildSettings = {
				ASSETCATALOG_COMPILER_APPICON_NAME = AppIcon;
				CODE_SIGN_STYLE = Automatic;
				DEVELOPMENT_TEAM = RWDE5H24E6;
				INFOPLIST_FILE = currency_converter/Info.plist;
				LD_RUNPATH_SEARCH_PATHS = (
					"$(inherited)",
					"@executable_path/Frameworks",
				);
				PRODUCT_BUNDLE_IDENTIFIER = "CryptotimesJp.currency-converter";
				PRODUCT_NAME = "$(TARGET_NAME)";
				SWIFT_VERSION = 5.0;
				TARGETED_DEVICE_FAMILY = 1;
			};
			name = Release;
		};
		63B4AD1D22964FAC00F7D453 /* Debug */ = {
			isa = XCBuildConfiguration;
			baseConfigurationReference = E61CFAB15C5689F5F36CEFF7 /* Pods-currency_converterTests.debug.xcconfig */;
			buildSettings = {
				ALWAYS_EMBED_SWIFT_STANDARD_LIBRARIES = YES;
				BUNDLE_LOADER = "$(TEST_HOST)";
				CODE_SIGN_STYLE = Automatic;
				DEVELOPMENT_TEAM = RWDE5H24E6;
				INFOPLIST_FILE = currency_converterTests/Info.plist;
				LD_RUNPATH_SEARCH_PATHS = (
					"$(inherited)",
					"@executable_path/Frameworks",
					"@loader_path/Frameworks",
				);
				PRODUCT_BUNDLE_IDENTIFIER = "CryptotimesJp.currency-converterTests";
				PRODUCT_NAME = "$(TARGET_NAME)";
				SWIFT_VERSION = 5.0;
				TARGETED_DEVICE_FAMILY = "1,2";
				TEST_HOST = "$(BUILT_PRODUCTS_DIR)/currency_converter.app/currency_converter";
			};
			name = Debug;
		};
		63B4AD1E22964FAC00F7D453 /* Release */ = {
			isa = XCBuildConfiguration;
			baseConfigurationReference = AF24179390596A888374FC3B /* Pods-currency_converterTests.release.xcconfig */;
			buildSettings = {
				ALWAYS_EMBED_SWIFT_STANDARD_LIBRARIES = YES;
				BUNDLE_LOADER = "$(TEST_HOST)";
				CODE_SIGN_STYLE = Automatic;
				DEVELOPMENT_TEAM = RWDE5H24E6;
				INFOPLIST_FILE = currency_converterTests/Info.plist;
				LD_RUNPATH_SEARCH_PATHS = (
					"$(inherited)",
					"@executable_path/Frameworks",
					"@loader_path/Frameworks",
				);
				PRODUCT_BUNDLE_IDENTIFIER = "CryptotimesJp.currency-converterTests";
				PRODUCT_NAME = "$(TARGET_NAME)";
				SWIFT_VERSION = 5.0;
				TARGETED_DEVICE_FAMILY = "1,2";
				TEST_HOST = "$(BUILT_PRODUCTS_DIR)/currency_converter.app/currency_converter";
			};
			name = Release;
		};
		63B4AD2022964FAC00F7D453 /* Debug */ = {
			isa = XCBuildConfiguration;
			baseConfigurationReference = 5F20C974FA5BC4890A4FF1A2 /* Pods-currency_converterUITests.debug.xcconfig */;
			buildSettings = {
				ALWAYS_EMBED_SWIFT_STANDARD_LIBRARIES = YES;
				CODE_SIGN_STYLE = Automatic;
				DEVELOPMENT_TEAM = RWDE5H24E6;
				INFOPLIST_FILE = currency_converterUITests/Info.plist;
				LD_RUNPATH_SEARCH_PATHS = (
					"$(inherited)",
					"@executable_path/Frameworks",
					"@loader_path/Frameworks",
				);
				PRODUCT_BUNDLE_IDENTIFIER = "CryptotimesJp.currency-converterUITests";
				PRODUCT_NAME = "$(TARGET_NAME)";
				SWIFT_VERSION = 5.0;
				TARGETED_DEVICE_FAMILY = "1,2";
				TEST_TARGET_NAME = currency_converter;
			};
			name = Debug;
		};
		63B4AD2122964FAC00F7D453 /* Release */ = {
			isa = XCBuildConfiguration;
			baseConfigurationReference = A149B285A05D298249D9207B /* Pods-currency_converterUITests.release.xcconfig */;
			buildSettings = {
				ALWAYS_EMBED_SWIFT_STANDARD_LIBRARIES = YES;
				CODE_SIGN_STYLE = Automatic;
				DEVELOPMENT_TEAM = RWDE5H24E6;
				INFOPLIST_FILE = currency_converterUITests/Info.plist;
				LD_RUNPATH_SEARCH_PATHS = (
					"$(inherited)",
					"@executable_path/Frameworks",
					"@loader_path/Frameworks",
				);
				PRODUCT_BUNDLE_IDENTIFIER = "CryptotimesJp.currency-converterUITests";
				PRODUCT_NAME = "$(TARGET_NAME)";
				SWIFT_VERSION = 5.0;
				TARGETED_DEVICE_FAMILY = "1,2";
				TEST_TARGET_NAME = currency_converter;
			};
			name = Release;
		};
/* End XCBuildConfiguration section */

/* Begin XCConfigurationList section */
		63B4ACE922964FA800F7D453 /* Build configuration list for PBXProject "currency_converter" */ = {
			isa = XCConfigurationList;
			buildConfigurations = (
				63B4AD1722964FAC00F7D453 /* Debug */,
				63B4AD1822964FAC00F7D453 /* Release */,
			);
			defaultConfigurationIsVisible = 0;
			defaultConfigurationName = Release;
		};
		63B4AD1922964FAC00F7D453 /* Build configuration list for PBXNativeTarget "currency_converter" */ = {
			isa = XCConfigurationList;
			buildConfigurations = (
				63B4AD1A22964FAC00F7D453 /* Debug */,
				63B4AD1B22964FAC00F7D453 /* Release */,
			);
			defaultConfigurationIsVisible = 0;
			defaultConfigurationName = Release;
		};
		63B4AD1C22964FAC00F7D453 /* Build configuration list for PBXNativeTarget "currency_converterTests" */ = {
			isa = XCConfigurationList;
			buildConfigurations = (
				63B4AD1D22964FAC00F7D453 /* Debug */,
				63B4AD1E22964FAC00F7D453 /* Release */,
			);
			defaultConfigurationIsVisible = 0;
			defaultConfigurationName = Release;
		};
		63B4AD1F22964FAC00F7D453 /* Build configuration list for PBXNativeTarget "currency_converterUITests" */ = {
			isa = XCConfigurationList;
			buildConfigurations = (
				63B4AD2022964FAC00F7D453 /* Debug */,
				63B4AD2122964FAC00F7D453 /* Release */,
			);
			defaultConfigurationIsVisible = 0;
			defaultConfigurationName = Release;
		};
/* End XCConfigurationList section */

/* Begin XCVersionGroup section */
		63B4ACF822964FA900F7D453 /* currency_converter.xcdatamodeld */ = {
			isa = XCVersionGroup;
			children = (
				63B4ACF922964FA900F7D453 /* currency_converter.xcdatamodel */,
			);
			currentVersion = 63B4ACF922964FA900F7D453 /* currency_converter.xcdatamodel */;
			path = currency_converter.xcdatamodeld;
			sourceTree = "<group>";
			versionGroupType = wrapper.xcdatamodel;
		};
/* End XCVersionGroup section */
	};
	rootObject = 63B4ACE622964FA800F7D453 /* Project object */;
}
